
Microsoft Visual Studio Solution File, Format Version 12.00
# Visual Studio Version 17
VisualStudioVersion = 17.7.33927.210
MinimumVisualStudioVersion = 10.0.40219.1
Project("{9A19103F-16F7-4668-BE54-9A1E7A4F7556}") = "myMLApp", "myMLApp\myMLApp.csproj", "{F2F6428D-CE91-42DB-BF6C-EBE802A29BD0}"
EndProject
Project("{9A19103F-16F7-4668-BE54-9A1E7A4F7556}") = "SentimentModel_ConsoleApp1", "SentimentModel_ConsoleApp1\SentimentModel_ConsoleApp1.csproj", "{8D5D07A6-5C47-461A-AB97-218EB15FA9BA}"
EndProject
Project("{9A19103F-16F7-4668-BE54-9A1E7A4F7556}") = "SentimentModel_WebApi1", "SentimentModel_WebApi1\SentimentModel_WebApi1.csproj", "{B2ADFB61-2D69-4A7C-8C37-AF30FD84D020}"
EndProject
Global
	GlobalSection(SolutionConfigurationPlatforms) = preSolution
		Debug|Any CPU = Debug|Any CPU
		Release|Any CPU = Release|Any CPU
	EndGlobalSection
	GlobalSection(ProjectConfigurationPlatforms) = postSolution
		{F2F6428D-CE91-42DB-BF6C-EBE802A29BD0}.Debug|Any CPU.ActiveCfg = Debug|Any CPU
		{F2F6428D-CE91-42DB-BF6C-EBE802A29BD0}.Debug|Any CPU.Build.0 = Debug|Any CPU
		{F2F6428D-CE91-42DB-BF6C-EBE802A29BD0}.Release|Any CPU.ActiveCfg = Release|Any CPU
		{F2F6428D-CE91-42DB-BF6C-EBE802A29BD0}.Release|Any CPU.Build.0 = Release|Any CPU
		{8D5D07A6-5C47-461A-AB97-218EB15FA9BA}.Debug|Any CPU.ActiveCfg = Debug|Any CPU
		{8D5D07A6-5C47-461A-AB97-218EB15FA9BA}.Debug|Any CPU.Build.0 = Debug|Any CPU
		{8D5D07A6-5C47-461A-AB97-218EB15FA9BA}.Release|Any CPU.ActiveCfg = Release|Any CPU
		{8D5D07A6-5C47-461A-AB97-218EB15FA9BA}.Release|Any CPU.Build.0 = Release|Any CPU
		{B2ADFB61-2D69-4A7C-8C37-AF30FD84D020}.Debug|Any CPU.ActiveCfg = Debug|Any CPU
		{B2ADFB61-2D69-4A7C-8C37-AF30FD84D020}.Debug|Any CPU.Build.0 = Debug|Any CPU
		{B2ADFB61-2D69-4A7C-8C37-AF30FD84D020}.Release|Any CPU.ActiveCfg = Release|Any CPU
		{B2ADFB61-2D69-4A7C-8C37-AF30FD84D020}.Release|Any CPU.Build.0 = Release|Any CPU
	EndGlobalSection
	GlobalSection(SolutionProperties) = preSolution
		HideSolutionNode = FALSE
	EndGlobalSection
	GlobalSection(ExtensibilityGlobals) = postSolution
		SolutionGuid = {B39FC467-48B9-4491-AC30-C23F1D1C8A8E}
	EndGlobalSection
EndGlobal
