
Microsoft Visual Studio Solution File, Format Version 12.00
# Visual Studio Version 16
VisualStudioVersion = 16.0.31205.134
MinimumVisualStudioVersion = 10.0.40219.1
Project("{9A19103F-16F7-4668-BE54-9A1E7A4F7556}") = "Assessments.Frontend.Web", "Assessments.Frontend.Web\Assessments.Frontend.Web.csproj", "{9D7AD847-DBF7-40D3-981C-13CCF229EE53}"
EndProject
Project("{9A19103F-16F7-4668-BE54-9A1E7A4F7556}") = "Assessments.Mapping", "Assessments.Mapping\Assessments.Mapping.csproj", "{27BFFD0F-B02F-4DC9-B409-691342F0CFC0}"
EndProject
Global
	GlobalSection(SolutionConfigurationPlatforms) = preSolution
		Debug|Any CPU = Debug|Any CPU
		Release|Any CPU = Release|Any CPU
	EndGlobalSection
	GlobalSection(ProjectConfigurationPlatforms) = postSolution
		{9D7AD847-DBF7-40D3-981C-13CCF229EE53}.Debug|Any CPU.ActiveCfg = Debug|Any CPU
		{9D7AD847-DBF7-40D3-981C-13CCF229EE53}.Debug|Any CPU.Build.0 = Debug|Any CPU
		{9D7AD847-DBF7-40D3-981C-13CCF229EE53}.Release|Any CPU.ActiveCfg = Release|Any CPU
		{9D7AD847-DBF7-40D3-981C-13CCF229EE53}.Release|Any CPU.Build.0 = Release|Any CPU
		{27BFFD0F-B02F-4DC9-B409-691342F0CFC0}.Debug|Any CPU.ActiveCfg = Debug|Any CPU
		{27BFFD0F-B02F-4DC9-B409-691342F0CFC0}.Debug|Any CPU.Build.0 = Debug|Any CPU
		{27BFFD0F-B02F-4DC9-B409-691342F0CFC0}.Release|Any CPU.ActiveCfg = Release|Any CPU
		{27BFFD0F-B02F-4DC9-B409-691342F0CFC0}.Release|Any CPU.Build.0 = Release|Any CPU
	EndGlobalSection
	GlobalSection(SolutionProperties) = preSolution
		HideSolutionNode = FALSE
	EndGlobalSection
	GlobalSection(ExtensibilityGlobals) = postSolution
		SolutionGuid = {1A2FDC22-2339-438F-8175-603BF5C7BAAB}
	EndGlobalSection
EndGlobal
